{
  "name": "shop",
  "version": "2.3.0",
  "lockfileVersion": 3,
  "requires": true,
  "packages": {
    "": {
      "name": "shop",
      "version": "2.3.0",
      "workspaces": [
        "packages/*",
        "apps/*"
      ],
      "devDependencies": {
        "@types/node": "^22.5.0",
        "eslint": "^9.9.0",
        "typescript": "~5.5.0",
        "typescript-eslint": "^8.3.0"
      },
      "engines": {
        "node": ">=22.18.0"
      }
    },
    "apps/web": {
      "name": "@shop/web",
      "version": "2.3.0",
      "dependencies": {
        "@shop/shared": "2.3.0",
        "react": "^18.3.1",
        "react-dom": "^18.3.1"
      },
      "devDependencies": {
        "@types/react": "^18.3.4",
        "@types/react-dom": "^18.3.0",
        "@vitejs/plugin-react": "^4.3.1",
        "vite": "^5.4.0"
      }
    },
    "packages/api": {
      "name": "@shop/api",
      "version": "2.3.0",
      "dependencies": {
        "@shop/shared": "2.3.0",
        "express": "^4.19.0",
        "zod": "^3.23.0"
      },
      "devDependencies": {
        "@types/express": "^4.17.21"
      }
    },
    "packages/shared": {
      "name": "@shop/shared",
      "version": "2.3.0"
    },
    "node_modules/@shop/api": {
      "resolved": "packages/api",
      "link": true
    },
    "node_modules/@shop/shared": {
      "resolved": "packages/shared",
      "link": true
    },
    "node_modules/@shop/web": {
      "resolved": "apps/web",
      "link": true
    },
    "node_modules/@types/express": {
      "version": "4.17.21",
      "resolved": "https://registry.npmjs.org/@types/express/-/express-4.17.21.tgz",
      "integrity": "sha512-j/hFa3ld3wzJsUgWlgATMx3eHOKo8wYXUpF4O5WIcBdTB9HngTracymsxgIIL75LvptDc6t0hzhTwbWtj8YgmQ==",
      "dev": true
    },
    "node_modules/@types/node": {
      "version": "22.5.0",
      "resolved": "https://registry.npmjs.org/@types/node/-/node-22.5.0.tgz",
      "integrity": "sha512-A4c1Si48+u0hmKTUe8rByquei/s0i1KWhPIXVyDQN4AcYj8bRxc6elVudxRH5yO7Jvvp9t8dzuBzNdpGOYZW1Q==",
      "dev": true
    },
    "node_modules/@types/react": {
      "version": "18.3.4",
      "resolved": "https://registry.npmjs.org/@types/react/-/react-18.3.4.tgz",
      "integrity": "sha512-j0octLnYow/u1RmMeYT42I8eNiMnF1e6SeeNc3viOCGpXMxni5bVEXiP9hZWNDwyw/iPUUBaU7lquxZnSjiJpQ==",
      "dev": true
    },
    "node_modules/@types/react-dom": {
      "version": "18.3.0",
      "resolved": "https://registry.npmjs.org/@types/react-dom/-/react-dom-18.3.0.tgz",
      "integrity": "sha512-IGQrP0Yi4NMZiwksoATypA8cs9lgJ7VtMjZuDXIniAZxhGQB/LXaL3dyzXl28PFIlv2FmOYBcDDXjXpWGBPGzQ==",
      "dev": true
    },
    "node_modules/@vitejs/plugin-react": {
      "version": "4.3.1",
      "resolved": "https://registry.npmjs.org/@vitejs/plugin-react/-/plugin-react-4.3.1.tgz",
      "integrity": "sha512-Zn+n8mgzDm/w4u2uQdJ8N8Gx4aa0Qsj4CQxkDfcWenJgt1xMbw6fMfV2emzqHBKSRhHH3xysoXiEJGP6CcXggQ==",
      "dev": true
    },
    "node_modules/body-parser": {
      "version": "1.20.2",
      "resolved": "https://registry.npmjs.org/body-parser/-/body-parser-1.20.2.tgz",
      "integrity": "sha512-bn92dV+YZ1vemojwBvifMJ5z56QRPmen3GDnSsssieNXvD9vuHhNI6Sv3jIydOSX8yCl+zztU3psJvVOj30sWA=="
    },
    "node_modules/esbuild": {
      "version": "0.21.5",
      "resolved": "https://registry.npmjs.org/esbuild/-/esbuild-0.21.5.tgz",
      "integrity": "sha512-UNax80gp9bwCruYxMtNng7zzZo5wNgNXYl+1jzkjp3wzfXMTDZoMi1g6if/mC0ZIKby4J40Z4joO/9lHTZOOTQ==",
      "dev": true
    },
    "node_modules/eslint": {
      "version": "9.9.0",
      "resolved": "https://registry.npmjs.org/eslint/-/eslint-9.9.0.tgz",
      "integrity": "sha512-N0PA/CPgAJtGghi2R4oHVvLkJIL8Wd4RgOcbksSoF9A1IGxTtOa61fTQ65nzNg0a5x7lje+OLycFigSAhotAiw==",
      "dev": true
    },
    "node_modules/express": {
      "version": "4.19.2",
      "resolved": "https://registry.npmjs.org/express/-/express-4.19.2.tgz",
      "integrity": "sha512-pK3Mp/RdynyDYm/vwEbzN3s024WaRmmBKhoHa/1MJYfDX39wcj3GhpP+ePsf50bSqMIu+2B3/bRfxCFnXNCW0g==",
      "dependencies": {
        "body-parser": "1.20.2"
      },
      "engines": {
        "node": ">= 0.10.0"
      }
    },
    "node_modules/js-tokens": {
      "version": "4.0.0",
      "resolved": "https://registry.npmjs.org/js-tokens/-/js-tokens-4.0.0.tgz",
      "integrity": "sha512-hgvFIIZXEh0qKUvHJA9tb+6uMdEHBUTTBVdE5bnB0HXjEjOjXG0NsMmG74DF0EoiAWA+OCL55ZseKfL6rFqqEw=="
    },
    "node_modules/loose-envify": {
      "version": "1.4.0",
      "resolved": "https://registry.npmjs.org/loose-envify/-/loose-envify-1.4.0.tgz",
      "integrity": "sha512-p6tV/43Z8c4seu03wSajLEoUgCE8tth0qwIk9TQuGL/l4A1cGuu5pJMkpTfGeg4X8Ex5aYGsz2uKe7iYEkGBGw=="
    },
    "node_modules/react": {
      "version": "18.3.1",
      "resolved": "https://registry.npmjs.org/react/-/react-18.3.1.tgz",
      "integrity": "sha512-2+1d312Gv/F0ka3L+WanxnvPQ93+m+j2HLOWk54rzWk/lAPxKcimaVSC+kRml1k+lqAEalcc0tQie4/Wubz/Zg==",
      "dependencies": {
        "loose-envify": "^1.1.0"
      }
    },
    "node_modules/react-dom": {
      "version": "18.3.1",
      "resolved": "https://registry.npmjs.org/react-dom/-/react-dom-18.3.1.tgz",
      "integrity": "sha512-YM2/ll2MO+woZHNGQ1mu++6D+gDT6DSE/nIPHowsudr4x5FgMaviwvJTTTHXoRF4wRyvZ2+g1blR8BY0C082KQ==",
      "dependencies": {
        "loose-envify": "^1.1.0",
        "scheduler": "^0.23.2"
      },
      "peerDependencies": {
        "react": "^18.3.1"
      }
    },
    "node_modules/rollup": {
      "version": "4.21.0",
      "resolved": "https://registry.npmjs.org/rollup/-/rollup-4.21.0.tgz",
      "integrity": "sha512-0wgXMwNnEaUKu2G4poB+jkddAASj+tZuwI8utcCHzGXuRkosW62DjCuL39U4a4/1IErGB3fgPbGYUBmuopV48Q==",
      "dev": true
    },
    "node_modules/scheduler": {
      "version": "0.23.2",
      "resolved": "https://registry.npmjs.org/scheduler/-/scheduler-0.23.2.tgz",
      "integrity": "sha512-/IkGAvk7w1qsKI9IeufIMtt+45SyCsBBSlQJOED3kzK+Clxc/VtOM+qPBaim7xZgJMyqrmEibpcx32f3dRZ3GQ=="
    },
    "node_modules/typescript": {
      "version": "5.5.4",
      "resolved": "https://registry.npmjs.org/typescript/-/typescript-5.5.4.tgz",
      "integrity": "sha512-2626MdGId//wvamRn7GuFp9KTxB6jVWvIF0/P+KHBP5i37wJ+2C61BvZ3QfJ1IjIIs3kiFSgdnTUeZ58afbPsw==",
      "dev": true,
      "bin": {
        "tsc": "bin/tsc",
        "tsserver": "bin/tsserver"
      }
    },
    "node_modules/typescript-eslint": {
      "version": "8.3.0",
      "resolved": "https://registry.npmjs.org/typescript-eslint/-/typescript-eslint-8.3.0.tgz",
      "integrity": "sha512-T5uJqu+YjegQ20hKUxb9xILrX3LAKM+TD4TuA3XC/DsE2xwaFzhpNtwTmgy9OrxsZVXDUAcvgVDlBRXsyB9iHw==",
      "dev": true
    },
    "node_modules/undici-types": {
      "version": "6.19.8",
      "resolved": "https://registry.npmjs.org/undici-types/-/undici-types-6.19.8.tgz",
      "integrity": "sha512-mxu5AvRUnGzTgVc9H7zifoC6iX89+B4nZqXIZaIT4e7xwtfE8zSmvUassk/6adH2XYwGYNxCquCMRqsXFY5Fzg==",
      "dev": true
    },
    "node_modules/vite": {
      "version": "5.4.2",
      "resolved": "https://registry.npmjs.org/vite/-/vite-5.4.2.tgz",
      "integrity": "sha512-/6mXTcBvArWfV6PHnyfXNdsIzN7Xau27IaVCu3pMN7Wk3J4uXVmWLRFgZj3LoQqTrU+3G5gU/18XDWc7Sks/eg==",
      "dev": true,
      "dependencies": {
        "esbuild": "^0.21.3",
        "rollup": "^4.20.0"
      },
      "bin": {
        "vite": "bin/vite.js"
      }
    },
    "node_modules/zod": {
      "version": "3.23.8",
      "resolved": "https://registry.npmjs.org/zod/-/zod-3.23.8.tgz",
      "integrity": "sha512-02cvFzD1vXmYYADwj+FfXKwq0AVW5LYdapyjA9D3Fh0nW8h+rs4ls+nlO2WQuH6HGZtmlQbJVJAE2EAqY5ClxA=="
    }
  }
}
