github.com/go-chi/chi/v5 v5.1.0 h1:UuZh4IXicbafcj05DU8I/2iyRm099eItT4Fe/vDe6vg=
github.com/go-chi/chi/v5 v5.1.0/go.mod h1:If6ywHftYBRO0mGrKYYhOwlGYtc750v07Z9Q/htmcBM=
github.com/google/uuid v1.6.0 h1:PNuo4ZypvooU3BI6DTMz4j0WRGbmNCFyuJ50BXonfWw=
github.com/google/uuid v1.6.0/go.mod h1:V72q8LAmpEd8iwyxYxi8iUnOPIOL5QusxpqfYqN5zSw=
github.com/jackc/pgpassfile v1.0.0 h1:VSjOMdta+Dvw3S4wHBLDqvnbPZLP/g5KBZIEibgGYLQ=
github.com/jackc/pgpassfile v1.0.0/go.mod h1:WBq8oUqhItQrMIUSuyVEUzCKfOzmbgU0H2fK1ejlAyw=
github.com/jackc/pgservicefile v0.0.0-20231201235250-de7065d80cb9 h1:PHkyesJSp2qYgSMncSOkLoejhO8GN+O6h2KSaEKKWcw=
github.com/jackc/pgservicefile v0.0.0-20231201235250-de7065d80cb9/go.mod h1:nKWnPHQWL+eFnHcu/D4+H9h8yZtU3h/h0ShcK3sDpGA=
github.com/jackc/pgx/v5 v5.6.0 h1:qUPSR1TL0szMiFTHnDUPfZeSYsBUm6CrdrdeXH6PNn8=
github.com/jackc/pgx/v5 v5.6.0/go.mod h1:mE/JwqowzPt1gSTdElq13KRf09W4zwV/ZosVUQeKTzM=
github.com/jackc/puddle/v2 v2.2.1 h1:ShpyoTb1gGSEiXhYdRI3f65CNhiSVXTp+4D2iX+Gktg=
github.com/jackc/puddle/v2 v2.2.1/go.mod h1:+TG/w5I15YWlitm/ed6eBP0Ldi+IxqJ41bzum8eFluM=
golang.org/x/crypto v0.24.0 h1:WDs9PrajU+OWW9IcGFThqbRfa7bWyRnSFR2x3KpfmNA=
golang.org/x/crypto v0.24.0/go.mod h1:7drtHUnDYmOb78ezNJrEFzd8ruUCB0dYZ8BM0lLQSBk=
golang.org/x/sync v0.7.0 h1:TmEaZ6nJIrfx0Z6WbKepUphYCaM2Plh++h+eOUBNRYk=
golang.org/x/sync v0.7.0/go.mod h1:WNdO1KyJjeHYGUqZJyLCtJcSXgWbK7fZrqcKUWnrJxg=
golang.org/x/text v0.16.0 h1:uqw1peEqavZU5oxN/gre7MoYeWT+2vG5cUZz+jPiiBo=
golang.org/x/text v0.16.0/go.mod h1:5G4vHQ5aQihwryBD44Ru1h1KvGvtID1fmKQpu6oIYeA=
